{
  "version": "4",
  "remote": {
    "https://cdn.jsdelivr.net/npm/three@0.152.2/build/three.module.js": "4d01ed1c468372b16732fcecfeb2f463ac1b29b0fc296b2d64ec084e32876b39"
  },
  "workspace": {
    "packageJson": {
      "dependencies": [
        "npm:dotenv@^16.4.7",
        "npm:express@^5.1.0",
        "npm:openai@^4.91.1",
        "npm:socket.io@^4.8.1"
      ]
    }
  }
}
